// !$*UTF8*$!
{
	archiveVersion = 1;
	classes = {
	};
	objectVersion = 56;
	objects = {

/* Begin PBXBuildFile section */
		BBDFC8352C4BCBD900EB0967 /* AppDelegate.swift in Sources */ = {isa = PBXBuildFile; fileRef = BBDFC8342C4BCBD900EB0967 /* AppDelegate.swift */; };
		BBDFC8372C4BCBD900EB0967 /* SceneDelegate.swift in Sources */ = {isa = PBXBuildFile; fileRef = BBDFC8362C4BCBD900EB0967 /* SceneDelegate.swift */; };
		BBDFC8392C4BCBD900EB0967 /* ViewController.swift in Sources */ = {isa = PBXBuildFile; fileRef = BBDFC8382C4BCBD900EB0967 /* ViewController.swift */; };
		BBDFC83C2C4BCBD900EB0967 /* Main.storyboard in Resources */ = {isa = PBXBuildFile; fileRef = BBDFC83A2C4BCBD900EB0967 /* Main.storyboard */; };
		BBDFC83E2C4BCBDB00EB0967 /* Assets.xcassets in Resources */ = {isa = PBXBuildFile; fileRef = BBDFC83D2C4BCBDB00EB0967 /* Assets.xcassets */; };
		BBDFC8412C4BCBDB00EB0967 /* LaunchScreen.storyboard in Resources */ = {isa = PBXBuildFile; fileRef = BBDFC83F2C4BCBDB00EB0967 /* LaunchScreen.storyboard */; };
		BBDFC8532C4BCC1500EB0967 /* nssl0049.jpg in Resources */ = {isa = PBXBuildFile; fileRef = BBDFC8492C4BCC1500EB0967 /* nssl0049.jpg */; };
		BBDFC8542C4BCC1500EB0967 /* nssl0046.jpg in Resources */ = {isa = PBXBuildFile; fileRef = BBDFC84A2C4BCC1500EB0967 /* nssl0046.jpg */; };
		BBDFC8552C4BCC1500EB0967 /* nssl0091.jpg in Resources */ = {isa = PBXBuildFile; fileRef = BBDFC84B2C4BCC1500EB0967 /* nssl0091.jpg */; };
		BBDFC8562C4BCC1500EB0967 /* nssl0045.jpg in Resources */ = {isa = PBXBuildFile; fileRef = BBDFC84C2C4BCC1500EB0967 /* nssl0045.jpg */; };
		BBDFC8572C4BCC1500EB0967 /* nssl0051.jpg in Resources */ = {isa = PBXBuildFile; fileRef = BBDFC84D2C4BCC1500EB0967 /* nssl0051.jpg */; };
		BBDFC8582C4BCC1500EB0967 /* nssl0041.jpg in Resources */ = {isa = PBXBuildFile; fileRef = BBDFC84E2C4BCC1500EB0967 /* nssl0041.jpg */; };
		BBDFC8592C4BCC1500EB0967 /* nssl0042.jpg in Resources */ = {isa = PBXBuildFile; fileRef = BBDFC84F2C4BCC1500EB0967 /* nssl0042.jpg */; };
		BBDFC85A2C4BCC1500EB0967 /* nssl0043.jpg in Resources */ = {isa = PBXBuildFile; fileRef = BBDFC8502C4BCC1500EB0967 /* nssl0043.jpg */; };
		BBDFC85B2C4BCC1500EB0967 /* nssl0033.jpg in Resources */ = {isa = PBXBuildFile; fileRef = BBDFC8512C4BCC1500EB0967 /* nssl0033.jpg */; };
		BBDFC85C2C4BCC1500EB0967 /* nssl0034.jpg in Resources */ = {isa = PBXBuildFile; fileRef = BBDFC8522C4BCC1500EB0967 /* nssl0034.jpg */; };
		BBDFC85E2C4BD13D00EB0967 /* DetailViewController.swift in Sources */ = {isa = PBXBuildFile; fileRef = BBDFC85D2C4BD13D00EB0967 /* DetailViewController.swift */; };
/* End PBXBuildFile section */

/* Begin PBXFileReference section */
		BBDFC8312C4BCBD900EB0967 /* StromViewer.app */ = {isa = PBXFileReference; explicitFileType = wrapper.application; includeInIndex = 0; path = StromViewer.app; sourceTree = BUILT_PRODUCTS_DIR; };
		BBDFC8342C4BCBD900EB0967 /* AppDelegate.swift */ = {isa = PBXFileReference; lastKnownFileType = sourcecode.swift; path = AppDelegate.swift; sourceTree = "<group>"; };
		BBDFC8362C4BCBD900EB0967 /* SceneDelegate.swift */ = {isa = PBXFileReference; lastKnownFileType = sourcecode.swift; path = SceneDelegate.swift; sourceTree = "<group>"; };
		BBDFC8382C4BCBD900EB0967 /* ViewController.swift */ = {isa = PBXFileReference; lastKnownFileType = sourcecode.swift; path = ViewController.swift; sourceTree = "<group>"; };
		BBDFC83B2C4BCBD900EB0967 /* Base */ = {isa = PBXFileReference; lastKnownFileType = file.storyboard; name = Base; path = Base.lproj/Main.storyboard; sourceTree = "<group>"; };
		BBDFC83D2C4BCBDB00EB0967 /* Assets.xcassets */ = {isa = PBXFileReference; lastKnownFileType = folder.assetcatalog; path = Assets.xcassets; sourceTree = "<group>"; };
		BBDFC8402C4BCBDB00EB0967 /* Base */ = {isa = PBXFileReference; lastKnownFileType = file.storyboard; name = Base; path = Base.lproj/LaunchScreen.storyboard; sourceTree = "<group>"; };
		BBDFC8422C4BCBDB00EB0967 /* Info.plist */ = {isa = PBXFileReference; lastKnownFileType = text.plist.xml; path = Info.plist; sourceTree = "<group>"; };
		BBDFC8492C4BCC1500EB0967 /* nssl0049.jpg */ = {isa = PBXFileReference; lastKnownFileType = image.jpeg; path = nssl0049.jpg; sourceTree = "<group>"; };
		BBDFC84A2C4BCC1500EB0967 /* nssl0046.jpg */ = {isa = PBXFileReference; lastKnownFileType = image.jpeg; path = nssl0046.jpg; sourceTree = "<group>"; };
		BBDFC84B2C4BCC1500EB0967 /* nssl0091.jpg */ = {isa = PBXFileReference; lastKnownFileType = image.jpeg; path = nssl0091.jpg; sourceTree = "<group>"; };
		BBDFC84C2C4BCC1500EB0967 /* nssl0045.jpg */ = {isa = PBXFileReference; lastKnownFileType = image.jpeg; path = nssl0045.jpg; sourceTree = "<group>"; };
		BBDFC84D2C4BCC1500EB0967 /* nssl0051.jpg */ = {isa = PBXFileReference; lastKnownFileType = image.jpeg; path = nssl0051.jpg; sourceTree = "<group>"; };
		BBDFC84E2C4BCC1500EB0967 /* nssl0041.jpg */ = {isa = PBXFileReference; lastKnownFileType = image.jpeg; path = nssl0041.jpg; sourceTree = "<group>"; };
		BBDFC84F2C4BCC1500EB0967 /* nssl0042.jpg */ = {isa = PBXFileReference; lastKnownFileType = image.jpeg; path = nssl0042.jpg; sourceTree = "<group>"; };
		BBDFC8502C4BCC1500EB0967 /* nssl0043.jpg */ = {isa = PBXFileReference; lastKnownFileType = image.jpeg; path = nssl0043.jpg; sourceTree = "<group>"; };
		BBDFC8512C4BCC1500EB0967 /* nssl0033.jpg */ = {isa = PBXFileReference; lastKnownFileType = image.jpeg; path = nssl0033.jpg; sourceTree = "<group>"; };
		BBDFC8522C4BCC1500EB0967 /* nssl0034.jpg */ = {isa = PBXFileReference; lastKnownFileType = image.jpeg; path = nssl0034.jpg; sourceTree = "<group>"; };
		BBDFC85D2C4BD13D00EB0967 /* DetailViewController.swift */ = {isa = PBXFileReference; lastKnownFileType = sourcecode.swift; path = DetailViewController.swift; sourceTree = "<group>"; };
/* End PBXFileReference section */

/* Begin PBXFrameworksBuildPhase section */
		BBDFC82E2C4BCBD900EB0967 /* Frameworks */ = {
			isa = PBXFrameworksBuildPhase;
			buildActionMask = 2147483647;
			files = (
			);
			runOnlyForDeploymentPostprocessing = 0;
		};
/* End PBXFrameworksBuildPhase section */

/* Begin PBXGroup section */
		BBDFC8282C4BCBD900EB0967 = {
			isa = PBXGroup;
			children = (
				BBDFC8332C4BCBD900EB0967 /* StromViewer */,
				BBDFC8322C4BCBD900EB0967 /* Products */,
			);
			sourceTree = "<group>";
		};
		BBDFC8322C4BCBD900EB0967 /* Products */ = {
			isa = PBXGroup;
			children = (
				BBDFC8312C4BCBD900EB0967 /* StromViewer.app */,
			);
			name = Products;
			sourceTree = "<group>";
		};
		BBDFC8332C4BCBD900EB0967 /* StromViewer */ = {
			isa = PBXGroup;
			children = (
				BBDFC8342C4BCBD900EB0967 /* AppDelegate.swift */,
				BBDFC8362C4BCBD900EB0967 /* SceneDelegate.swift */,
				BBDFC8382C4BCBD900EB0967 /* ViewController.swift */,
				BBDFC85D2C4BD13D00EB0967 /* DetailViewController.swift */,
				BBDFC83A2C4BCBD900EB0967 /* Main.storyboard */,
				BBDFC83D2C4BCBDB00EB0967 /* Assets.xcassets */,
				BBDFC83F2C4BCBDB00EB0967 /* LaunchScreen.storyboard */,
				BBDFC8422C4BCBDB00EB0967 /* Info.plist */,
				BBDFC8482C4BCC1500EB0967 /* Project1-Files */,
			);
			path = StromViewer;
			sourceTree = "<group>";
		};
		BBDFC8482C4BCC1500EB0967 /* Project1-Files */ = {
			isa = PBXGroup;
			children = (
				BBDFC8492C4BCC1500EB0967 /* nssl0049.jpg */,
				BBDFC84A2C4BCC1500EB0967 /* nssl0046.jpg */,
				BBDFC84B2C4BCC1500EB0967 /* nssl0091.jpg */,
				BBDFC84C2C4BCC1500EB0967 /* nssl0045.jpg */,
				BBDFC84D2C4BCC1500EB0967 /* nssl0051.jpg */,
				BBDFC84E2C4BCC1500EB0967 /* nssl0041.jpg */,
				BBDFC84F2C4BCC1500EB0967 /* nssl0042.jpg */,
				BBDFC8502C4BCC1500EB0967 /* nssl0043.jpg */,
				BBDFC8512C4BCC1500EB0967 /* nssl0033.jpg */,
				BBDFC8522C4BCC1500EB0967 /* nssl0034.jpg */,
			);
			path = "Project1-Files";
			sourceTree = "<group>";
		};
/* End PBXGroup section */

/* Begin PBXNativeTarget section */
		BBDFC8302C4BCBD900EB0967 /* StromViewer */ = {
			isa = PBXNativeTarget;
			buildConfigurationList = BBDFC8452C4BCBDB00EB0967 /* Build configuration list for PBXNativeTarget "StromViewer" */;
			buildPhases = (
				BBDFC82D2C4BCBD900EB0967 /* Sources */,
				BBDFC82E2C4BCBD900EB0967 /* Frameworks */,
				BBDFC82F2C4BCBD900EB0967 /* Resources */,
			);
			buildRules = (
			);
			dependencies = (
			);
			name = StromViewer;
			productName = StromViewer;
			productReference = BBDFC8312C4BCBD900EB0967 /* StromViewer.app */;
			productType = "com.apple.product-type.application";
		};
/* End PBXNativeTarget section */

/* Begin PBXProject section */
		BBDFC8292C4BCBD900EB0967 /* Project object */ = {
			isa = PBXProject;
			attributes = {
				BuildIndependentTargetsInParallel = 1;
				LastSwiftUpdateCheck = 1500;
				LastUpgradeCheck = 1500;
				TargetAttributes = {
					BBDFC8302C4BCBD900EB0967 = {
						CreatedOnToolsVersion = 15.0;
					};
				};
			};
			buildConfigurationList = BBDFC82C2C4BCBD900EB0967 /* Build configuration list for PBXProject "StromViewer" */;
			compatibilityVersion = "Xcode 14.0";
			developmentRegion = en;
			hasScannedForEncodings = 0;
			knownRegions = (
				en,
				Base,
			);
			mainGroup = BBDFC8282C4BCBD900EB0967;
			productRefGroup = BBDFC8322C4BCBD900EB0967 /* Products */;
			projectDirPath = "";
			projectRoot = "";
			targets = (
				BBDFC8302C4BCBD900EB0967 /* StromViewer */,
			);
		};
/* End PBXProject section */

/* Begin PBXResourcesBuildPhase section */
		BBDFC82F2C4BCBD900EB0967 /* Resources */ = {
			isa = PBXResourcesBuildPhase;
			buildActionMask = 2147483647;
			files = (
				BBDFC8542C4BCC1500EB0967 /* nssl0046.jpg in Resources */,
				BBDFC85B2C4BCC1500EB0967 /* nssl0033.jpg in Resources */,
				BBDFC8572C4BCC1500EB0967 /* nssl0051.jpg in Resources */,
				BBDFC8552C4BCC1500EB0967 /* nssl0091.jpg in Resources */,
				BBDFC85A2C4BCC1500EB0967 /* nssl0043.jpg in Resources */,
				BBDFC85C2C4BCC1500EB0967 /* nssl0034.jpg in Resources */,
				BBDFC8532C4BCC1500EB0967 /* nssl0049.jpg in Resources */,
				BBDFC8582C4BCC1500EB0967 /* nssl0041.jpg in Resources */,
				BBDFC8592C4BCC1500EB0967 /* nssl0042.jpg in Resources */,
				BBDFC8412C4BCBDB00EB0967 /* LaunchScreen.storyboard in Resources */,
				BBDFC83E2C4BCBDB00EB0967 /* Assets.xcassets in Resources */,
				BBDFC8562C4BCC1500EB0967 /* nssl0045.jpg in Resources */,
				BBDFC83C2C4BCBD900EB0967 /* Main.storyboard in Resources */,
			);
			runOnlyForDeploymentPostprocessing = 0;
		};
/* End PBXResourcesBuildPhase section */

/* Begin PBXSourcesBuildPhase section */
		BBDFC82D2C4BCBD900EB0967 /* Sources */ = {
			isa = PBXSourcesBuildPhase;
			buildActionMask = 2147483647;
			files = (
				BBDFC8392C4BCBD900EB0967 /* ViewController.swift in Sources */,
				BBDFC8352C4BCBD900EB0967 /* AppDelegate.swift in Sources */,
				BBDFC8372C4BCBD900EB0967 /* SceneDelegate.swift in Sources */,
				BBDFC85E2C4BD13D00EB0967 /* DetailViewController.swift in Sources */,
			);
			runOnlyForDeploymentPostprocessing = 0;
		};
/* End PBXSourcesBuildPhase section */

/* Begin PBXVariantGroup section */
		BBDFC83A2C4BCBD900EB0967 /* Main.storyboard */ = {
			isa = PBXVariantGroup;
			children = (
				BBDFC83B2C4BCBD900EB0967 /* Base */,
			);
			name = Main.storyboard;
			sourceTree = "<group>";
		};
		BBDFC83F2C4BCBDB00EB0967 /* LaunchScreen.storyboard */ = {
			isa = PBXVariantGroup;
			children = (
				BBDFC8402C4BCBDB00EB0967 /* Base */,
			);
			name = LaunchScreen.storyboard;
			sourceTree = "<group>";
		};
/* End PBXVariantGroup section */

/* Begin XCBuildConfiguration section */
		BBDFC8432C4BCBDB00EB0967 /* Debug */ = {
			isa = XCBuildConfiguration;
			buildSettings = {
				ALWAYS_SEARCH_USER_PATHS = NO;
				ASSETCATALOG_COMPILER_GENERATE_SWIFT_ASSET_SYMBOL_EXTENSIONS = YES;
				CLANG_ANALYZER_NONNULL = YES;
				CLANG_ANALYZER_NUMBER_OBJECT_CONVERSION = YES_AGGRESSIVE;
				CLANG_CXX_LANGUAGE_STANDARD = "gnu++20";
				CLANG_ENABLE_MODULES = YES;
				CLANG_ENABLE_OBJC_ARC = YES;
				CLANG_ENABLE_OBJC_WEAK = YES;
				CLANG_WARN_BLOCK_CAPTURE_AUTORELEASING = YES;
				CLANG_WARN_BOOL_CONVERSION = YES;
				CLANG_WARN_COMMA = YES;
				CLANG_WARN_CONSTANT_CONVERSION = YES;
				CLANG_WARN_DEPRECATED_OBJC_IMPLEMENTATIONS = YES;
				CLANG_WARN_DIRECT_OBJC_ISA_USAGE = YES_ERROR;
				CLANG_WARN_DOCUMENTATION_COMMENTS = YES;
				CLANG_WARN_EMPTY_BODY = YES;
				CLANG_WARN_ENUM_CONVERSION = YES;
				CLANG_WARN_INFINITE_RECURSION = YES;
				CLANG_WARN_INT_CONVERSION = YES;
				CLANG_WARN_NON_LITERAL_NULL_CONVERSION = YES;
				CLANG_WARN_OBJC_IMPLICIT_RETAIN_SELF = YES;
				CLANG_WARN_OBJC_LITERAL_CONVERSION = YES;
				CLANG_WARN_OBJC_ROOT_CLASS = YES_ERROR;
				CLANG_WARN_QUOTED_INCLUDE_IN_FRAMEWORK_HEADER = YES;
				CLANG_WARN_RANGE_LOOP_ANALYSIS = YES;
				CLANG_WARN_STRICT_PROTOTYPES = YES;
				CLANG_WARN_SUSPICIOUS_MOVE = YES;
				CLANG_WARN_UNGUARDED_AVAILABILITY = YES_AGGRESSIVE;
				CLANG_WARN_UNREACHABLE_CODE = YES;
				CLANG_WARN__DUPLICATE_METHOD_MATCH = YES;
				COPY_PHASE_STRIP = NO;
				DEBUG_INFORMATION_FORMAT = dwarf;
				ENABLE_STRICT_OBJC_MSGSEND = YES;
				ENABLE_TESTABILITY = YES;
				ENABLE_USER_SCRIPT_SANDBOXING = YES;
				GCC_C_LANGUAGE_STANDARD = gnu17;
				GCC_DYNAMIC_NO_PIC = NO;
				GCC_NO_COMMON_BLOCKS = YES;
				GCC_OPTIMIZATION_LEVEL = 0;
				GCC_PREPROCESSOR_DEFINITIONS = (
					"DEBUG=1",
					"$(inherited)",
				);
				GCC_WARN_64_TO_32_BIT_CONVERSION = YES;
				GCC_WARN_ABOUT_RETURN_TYPE = YES_ERROR;
				GCC_WARN_UNDECLARED_SELECTOR = YES;
				GCC_WARN_UNINITIALIZED_AUTOS = YES_AGGRESSIVE;
				GCC_WARN_UNUSED_FUNCTION = YES;
				GCC_WARN_UNUSED_VARIABLE = YES;
				IPHONEOS_DEPLOYMENT_TARGET = 17.0;
				LOCALIZATION_PREFERS_STRING_CATALOGS = YES;
				MTL_ENABLE_DEBUG_INFO = INCLUDE_SOURCE;
				MTL_FAST_MATH = YES;
				ONLY_ACTIVE_ARCH = YES;
				SDKROOT = iphoneos;
				SWIFT_ACTIVE_COMPILATION_CONDITIONS = "DEBUG $(inherited)";
				SWIFT_OPTIMIZATION_LEVEL = "-Onone";
			};
			name = Debug;
		};
		BBDFC8442C4BCBDB00EB0967 /* Release */ = {
			isa = XCBuildConfiguration;
			buildSettings = {
				ALWAYS_SEARCH_USER_PATHS = NO;
				ASSETCATALOG_COMPILER_GENERATE_SWIFT_ASSET_SYMBOL_EXTENSIONS = YES;
				CLANG_ANALYZER_NONNULL = YES;
				CLANG_ANALYZER_NUMBER_OBJECT_CONVERSION = YES_AGGRESSIVE;
				CLANG_CXX_LANGUAGE_STANDARD = "gnu++20";
				CLANG_ENABLE_MODULES = YES;
				CLANG_ENABLE_OBJC_ARC = YES;
				CLANG_ENABLE_OBJC_WEAK = YES;
				CLANG_WARN_BLOCK_CAPTURE_AUTORELEASING = YES;
				CLANG_WARN_BOOL_CONVERSION = YES;
				CLANG_WARN_COMMA = YES;
				CLANG_WARN_CONSTANT_CONVERSION = YES;
				CLANG_WARN_DEPRECATED_OBJC_IMPLEMENTATIONS = YES;
				CLANG_WARN_DIRECT_OBJC_ISA_USAGE = YES_ERROR;
				CLANG_WARN_DOCUMENTATION_COMMENTS = YES;
				CLANG_WARN_EMPTY_BODY = YES;
				CLANG_WARN_ENUM_CONVERSION = YES;
				CLANG_WARN_INFINITE_RECURSION = YES;
				CLANG_WARN_INT_CONVERSION = YES;
				CLANG_WARN_NON_LITERAL_NULL_CONVERSION = YES;
				CLANG_WARN_OBJC_IMPLICIT_RETAIN_SELF = YES;
				CLANG_WARN_OBJC_LITERAL_CONVERSION = YES;
				CLANG_WARN_OBJC_ROOT_CLASS = YES_ERROR;
				CLANG_WARN_QUOTED_INCLUDE_IN_FRAMEWORK_HEADER = YES;
				CLANG_WARN_RANGE_LOOP_ANALYSIS = YES;
				CLANG_WARN_STRICT_PROTOTYPES = YES;
				CLANG_WARN_SUSPICIOUS_MOVE = YES;
				CLANG_WARN_UNGUARDED_AVAILABILITY = YES_AGGRESSIVE;
				CLANG_WARN_UNREACHABLE_CODE = YES;
				CLANG_WARN__DUPLICATE_METHOD_MATCH = YES;
				COPY_PHASE_STRIP = NO;
				DEBUG_INFORMATION_FORMAT = "dwarf-with-dsym";
				ENABLE_NS_ASSERTIONS = NO;
				ENABLE_STRICT_OBJC_MSGSEND = YES;
				ENABLE_USER_SCRIPT_SANDBOXING = YES;
				GCC_C_LANGUAGE_STANDARD = gnu17;
				GCC_NO_COMMON_BLOCKS = YES;
				GCC_WARN_64_TO_32_BIT_CONVERSION = YES;
				GCC_WARN_ABOUT_RETURN_TYPE = YES_ERROR;
				GCC_WARN_UNDECLARED_SELECTOR = YES;
				GCC_WARN_UNINITIALIZED_AUTOS = YES_AGGRESSIVE;
				GCC_WARN_UNUSED_FUNCTION = YES;
				GCC_WARN_UNUSED_VARIABLE = YES;
				IPHONEOS_DEPLOYMENT_TARGET = 17.0;
				LOCALIZATION_PREFERS_STRING_CATALOGS = YES;
				MTL_ENABLE_DEBUG_INFO = NO;
				MTL_FAST_MATH = YES;
				SDKROOT = iphoneos;
				SWIFT_COMPILATION_MODE = wholemodule;
				VALIDATE_PRODUCT = YES;
			};
			name = Release;
		};
		BBDFC8462C4BCBDB00EB0967 /* Debug */ = {
			isa = XCBuildConfiguration;
			buildSettings = {
				ASSETCATALOG_COMPILER_APPICON_NAME = AppIcon;
				ASSETCATALOG_COMPILER_GLOBAL_ACCENT_COLOR_NAME = AccentColor;
				CODE_SIGN_STYLE = Automatic;
				CURRENT_PROJECT_VERSION = 1;
				GENERATE_INFOPLIST_FILE = YES;
				INFOPLIST_FILE = StromViewer/Info.plist;
				INFOPLIST_KEY_UIApplicationSupportsIndirectInputEvents = YES;
				INFOPLIST_KEY_UILaunchStoryboardName = LaunchScreen;
				INFOPLIST_KEY_UIMainStoryboardFile = Main;
				INFOPLIST_KEY_UISupportedInterfaceOrientations_iPad = "UIInterfaceOrientationPortrait UIInterfaceOrientationPortraitUpsideDown UIInterfaceOrientationLandscapeLeft UIInterfaceOrientationLandscapeRight";
				INFOPLIST_KEY_UISupportedInterfaceOrientations_iPhone = "UIInterfaceOrientationPortrait UIInterfaceOrientationLandscapeLeft UIInterfaceOrientationLandscapeRight";
				LD_RUNPATH_SEARCH_PATHS = (
					"$(inherited)",
					"@executable_path/Frameworks",
				);
				MARKETING_VERSION = 1.0;
				PRODUCT_BUNDLE_IDENTIFIER = com.example.StromViewer;
				PRODUCT_NAME = "$(TARGET_NAME)";
				SWIFT_EMIT_LOC_STRINGS = YES;
				SWIFT_VERSION = 5.0;
				TARGETED_DEVICE_FAMILY = "1,2";
			};
			name = Debug;
		};
		BBDFC8472C4BCBDB00EB0967 /* Release */ = {
			isa = XCBuildConfiguration;
			buildSettings = {
				ASSETCATALOG_COMPILER_APPICON_NAME = AppIcon;
				ASSETCATALOG_COMPILER_GLOBAL_ACCENT_COLOR_NAME = AccentColor;
				CODE_SIGN_STYLE = Automatic;
				CURRENT_PROJECT_VERSION = 1;
				GENERATE_INFOPLIST_FILE = YES;
				INFOPLIST_FILE = StromViewer/Info.plist;
				INFOPLIST_KEY_UIApplicationSupportsIndirectInputEvents = YES;
				INFOPLIST_KEY_UILaunchStoryboardName = LaunchScreen;
				INFOPLIST_KEY_UIMainStoryboardFile = Main;
				INFOPLIST_KEY_UISupportedInterfaceOrientations_iPad = "UIInterfaceOrientationPortrait UIInterfaceOrientationPortraitUpsideDown UIInterfaceOrientationLandscapeLeft UIInterfaceOrientationLandscapeRight";
				INFOPLIST_KEY_UISupportedInterfaceOrientations_iPhone = "UIInterfaceOrientationPortrait UIInterfaceOrientationLandscapeLeft UIInterfaceOrientationLandscapeRight";
				LD_RUNPATH_SEARCH_PATHS = (
					"$(inherited)",
					"@executable_path/Frameworks",
				);
				MARKETING_VERSION = 1.0;
				PRODUCT_BUNDLE_IDENTIFIER = com.example.StromViewer;
				PRODUCT_NAME = "$(TARGET_NAME)";
				SWIFT_EMIT_LOC_STRINGS = YES;
				SWIFT_VERSION = 5.0;
				TARGETED_DEVICE_FAMILY = "1,2";
			};
			name = Release;
		};
/* End XCBuildConfiguration section */

/* Begin XCConfigurationList section */
		BBDFC82C2C4BCBD900EB0967 /* Build configuration list for PBXProject "StromViewer" */ = {
			isa = XCConfigurationList;
			buildConfigurations = (
				BBDFC8432C4BCBDB00EB0967 /* Debug */,
				BBDFC8442C4BCBDB00EB0967 /* Release */,
			);
			defaultConfigurationIsVisible = 0;
			defaultConfigurationName = Release;
		};
		BBDFC8452C4BCBDB00EB0967 /* Build configuration list for PBXNativeTarget "StromViewer" */ = {
			isa = XCConfigurationList;
			buildConfigurations = (
				BBDFC8462C4BCBDB00EB0967 /* Debug */,
				BBDFC8472C4BCBDB00EB0967 /* Release */,
			);
			defaultConfigurationIsVisible = 0;
			defaultConfigurationName = Release;
		};
/* End XCConfigurationList section */
	};
	rootObject = BBDFC8292C4BCBD900EB0967 /* Project object */;
}
